
Microsoft Visual Studio Solution File, Format Version 12.00
# Visual Studio Version 16
VisualStudioVersion = 16.0.31829.152
MinimumVisualStudioVersion = 10.0.40219.1
Project("{FAE04EC0-301F-11D3-BF4B-00C04F79EFBC}") = "Aula2_TabControl", "Aula2_TabControl.csproj", "{285C2EAA-1698-4F1B-9207-79006AE0434B}"
EndProject
Global
	GlobalSection(SolutionConfigurationPlatforms) = preSolution
		Debug|Any CPU = Debug|Any CPU
		Release|Any CPU = Release|Any CPU
	EndGlobalSection
	GlobalSection(ProjectConfigurationPlatforms) = postSolution
		{285C2EAA-1698-4F1B-9207-79006AE0434B}.Debug|Any CPU.ActiveCfg = Debug|Any CPU
		{285C2EAA-1698-4F1B-9207-79006AE0434B}.Debug|Any CPU.Build.0 = Debug|Any CPU
		{285C2EAA-1698-4F1B-9207-79006AE0434B}.Release|Any CPU.ActiveCfg = Release|Any CPU
		{285C2EAA-1698-4F1B-9207-79006AE0434B}.Release|Any CPU.Build.0 = Release|Any CPU
	EndGlobalSection
	GlobalSection(SolutionProperties) = preSolution
		HideSolutionNode = FALSE
	EndGlobalSection
	GlobalSection(ExtensibilityGlobals) = postSolution
		SolutionGuid = {637A018C-EFEB-41DB-864B-66A46F2FDCDC}
	EndGlobalSection
EndGlobal
